{
  "name": "frontend",
  "lockfileVersion": 3,
  "requires": true,
  "packages": {
    "": {
      "dependencies": {
        "@fullcalendar/core": "^6.1.17",
        "@fullcalendar/daygrid": "^6.1.17",
        "@fullcalendar/interaction": "^6.1.17",
        "@fullcalendar/react": "^6.1.17",
        "@fullcalendar/resource-timegrid": "^6.1.17",
        "@fullcalendar/resource-timeline": "^6.1.17",
        "@fullcalendar/timeline": "^6.1.17"
      }
    },
    "node_modules/@fullcalendar/core": {
      "version": "6.1.17",
      "resolved": "https://registry.npmjs.org/@fullcalendar/core/-/core-6.1.17.tgz",
      "integrity": "sha512-0W7lnIrv18ruJ5zeWBeNZXO8qCWlzxDdp9COFEsZnyNjiEhUVnrW/dPbjRKYpL0edGG0/Lhs0ghp1z/5ekt8ZA==",
      "license": "MIT",
      "dependencies": {
        "preact": "~10.12.1"
      }
    },
    "node_modules/@fullcalendar/daygrid": {
      "version": "6.1.17",
      "resolved": "https://registry.npmjs.org/@fullcalendar/daygrid/-/daygrid-6.1.17.tgz",
      "integrity": "sha512-K7m+pd7oVJ9fW4h7CLDdDGJbc9szJ1xDU1DZ2ag+7oOo1aCNLv44CehzkkknM6r8EYlOOhgaelxQpKAI4glj7A==",
      "license": "MIT",
      "peerDependencies": {
        "@fullcalendar/core": "~6.1.17"
      }
    },
    "node_modules/@fullcalendar/interaction": {
      "version": "6.1.17",
      "resolved": "https://registry.npmjs.org/@fullcalendar/interaction/-/interaction-6.1.17.tgz",
      "integrity": "sha512-AudvQvgmJP2FU89wpSulUUjeWv24SuyCx8FzH2WIPVaYg+vDGGYarI7K6PcM3TH7B/CyaBjm5Rqw9lXgnwt5YA==",
      "license": "MIT",
      "peerDependencies": {
        "@fullcalendar/core": "~6.1.17"
      }
    },
    "node_modules/@fullcalendar/premium-common": {
      "version": "6.1.17",
      "resolved": "https://registry.npmjs.org/@fullcalendar/premium-common/-/premium-common-6.1.17.tgz",
      "integrity": "sha512-zoN7fMwGMcP6Xu+2YudRAGfdwD2J+V+A/xAieXgYDSZT+5ekCsjZiwb2rmvthjt+HVnuZcqs6sGp7rnJ8Ie/mA==",
      "license": "SEE LICENSE IN LICENSE.md",
      "peerDependencies": {
        "@fullcalendar/core": "~6.1.17"
      }
    },
    "node_modules/@fullcalendar/react": {
      "version": "6.1.17",
      "resolved": "https://registry.npmjs.org/@fullcalendar/react/-/react-6.1.17.tgz",
      "integrity": "sha512-AA8soHhlfRH5dUeqHnfAtzDiXa2vrgWocJSK/F5qzw/pOxc9MqpuoS/nQBROWtHHg6yQUg3DoGqOOhi7dmylXQ==",
      "license": "MIT",
      "peerDependencies": {
        "@fullcalendar/core": "~6.1.17",
        "react": "^16.7.0 || ^17 || ^18 || ^19",
        "react-dom": "^16.7.0 || ^17 || ^18 || ^19"
      }
    },
    "node_modules/@fullcalendar/resource": {
      "version": "6.1.17",
      "resolved": "https://registry.npmjs.org/@fullcalendar/resource/-/resource-6.1.17.tgz",
      "integrity": "sha512-hWnbOWlroIN5Wt4NJmHAJh/F7ge2cV6S0PdGSmLFoZJZJA0hJX9GeYRzyz4MlUoj7f4dGzBlesy2RdC+t5FEMw==",
      "license": "SEE LICENSE IN LICENSE.md",
      "peer": true,
      "dependencies": {
        "@fullcalendar/premium-common": "~6.1.17"
      },
      "peerDependencies": {
        "@fullcalendar/core": "~6.1.17"
      }
    },
    "node_modules/@fullcalendar/resource-daygrid": {
      "version": "6.1.17",
      "resolved": "https://registry.npmjs.org/@fullcalendar/resource-daygrid/-/resource-daygrid-6.1.17.tgz",
      "integrity": "sha512-BghbufO4lsy/dckmPSxGzaxLH4c9oqykG01khYXRJijbls358CgSe+X9m1Jd5ntRZQU8o3U0Ma0pTZHr7Nx/6A==",
      "license": "SEE LICENSE IN LICENSE.md",
      "dependencies": {
        "@fullcalendar/daygrid": "~6.1.17",
        "@fullcalendar/premium-common": "~6.1.17"
      },
      "peerDependencies": {
        "@fullcalendar/core": "~6.1.17",
        "@fullcalendar/resource": "~6.1.17"
      }
    },
    "node_modules/@fullcalendar/resource-timegrid": {
      "version": "6.1.17",
      "resolved": "https://registry.npmjs.org/@fullcalendar/resource-timegrid/-/resource-timegrid-6.1.17.tgz",
      "integrity": "sha512-9gsR/2oKTb9zpx7z2/B5rbk2A0dmD/sfYAARSyQTuQD1CI5He8q63jdcYVzWW3CCfJa/5jHEqQaIiCKNlCq6vg==",
      "license": "SEE LICENSE IN LICENSE.md",
      "dependencies": {
        "@fullcalendar/premium-common": "~6.1.17",
        "@fullcalendar/resource-daygrid": "~6.1.17",
        "@fullcalendar/timegrid": "~6.1.17"
      },
      "peerDependencies": {
        "@fullcalendar/core": "~6.1.17",
        "@fullcalendar/resource": "~6.1.17"
      }
    },
    "node_modules/@fullcalendar/resource-timeline": {
      "version": "6.1.17",
      "resolved": "https://registry.npmjs.org/@fullcalendar/resource-timeline/-/resource-timeline-6.1.17.tgz",
      "integrity": "sha512-QMrtc1mLs4c6DtlBNmWICef8Lr4CmzE47uWS/rcJBd9K2kBzvusTp7AQQ1qn3RX5UnjNHqT8pkKO/wE4yspJQw==",
      "license": "SEE LICENSE IN LICENSE.md",
      "dependencies": {
        "@fullcalendar/premium-common": "~6.1.17",
        "@fullcalendar/scrollgrid": "~6.1.17",
        "@fullcalendar/timeline": "~6.1.17"
      },
      "peerDependencies": {
        "@fullcalendar/core": "~6.1.17",
        "@fullcalendar/resource": "~6.1.17"
      }
    },
    "node_modules/@fullcalendar/scrollgrid": {
      "version": "6.1.17",
      "resolved": "https://registry.npmjs.org/@fullcalendar/scrollgrid/-/scrollgrid-6.1.17.tgz",
      "integrity": "sha512-lzphEKwxWMS4xQVEuimzZjKFLijlSn49ExvzkYZls0VLDwOa3BYHcRlDJBjQ0LP6kauz9aatg3MfRIde/LAazA==",
      "license": "SEE LICENSE IN LICENSE.md",
      "dependencies": {
        "@fullcalendar/premium-common": "~6.1.17"
      },
      "peerDependencies": {
        "@fullcalendar/core": "~6.1.17"
      }
    },
    "node_modules/@fullcalendar/timegrid": {
      "version": "6.1.17",
      "resolved": "https://registry.npmjs.org/@fullcalendar/timegrid/-/timegrid-6.1.17.tgz",
      "integrity": "sha512-K4PlA3L3lclLOs3IX8cvddeiJI9ZVMD7RA9IqaWwbvac771971foc9tFze9YY+Pqesf6S+vhS2dWtEVlERaGlQ==",
      "license": "MIT",
      "dependencies": {
        "@fullcalendar/daygrid": "~6.1.17"
      },
      "peerDependencies": {
        "@fullcalendar/core": "~6.1.17"
      }
    },
    "node_modules/@fullcalendar/timeline": {
      "version": "6.1.17",
      "resolved": "https://registry.npmjs.org/@fullcalendar/timeline/-/timeline-6.1.17.tgz",
      "integrity": "sha512-UhL2OOph/S0cEKs3lzbXjS2gTxmQwaNug2XFjdljvO/ERj10v7OBXj/zvJrPyhjvWR/CSgjNgBaUpngkCu4JtQ==",
      "license": "SEE LICENSE IN LICENSE.md",
      "dependencies": {
        "@fullcalendar/premium-common": "~6.1.17",
        "@fullcalendar/scrollgrid": "~6.1.17"
      },
      "peerDependencies": {
        "@fullcalendar/core": "~6.1.17"
      }
    },
    "node_modules/preact": {
      "version": "10.12.1",
      "resolved": "https://registry.npmjs.org/preact/-/preact-10.12.1.tgz",
      "integrity": "sha512-l8386ixSsBdbreOAkqtrwqHwdvR35ID8c3rKPa8lCWuO86dBi32QWHV4vfsZK1utLLFMvw+Z5Ad4XLkZzchscg==",
      "license": "MIT",
      "funding": {
        "type": "opencollective",
        "url": "https://opencollective.com/preact"
      }
    },
    "node_modules/react": {
      "version": "19.1.0",
      "resolved": "https://registry.npmjs.org/react/-/react-19.1.0.tgz",
      "integrity": "sha512-FS+XFBNvn3GTAWq26joslQgWNoFu08F4kl0J4CgdNKADkdSGXQyTCnKteIAJy96Br6YbpEU1LSzV5dYtjMkMDg==",
      "license": "MIT",
      "peer": true,
      "engines": {
        "node": ">=0.10.0"
      }
    },
    "node_modules/react-dom": {
      "version": "19.1.0",
      "resolved": "https://registry.npmjs.org/react-dom/-/react-dom-19.1.0.tgz",
      "integrity": "sha512-Xs1hdnE+DyKgeHJeJznQmYMIBG3TKIHJJT95Q58nHLSrElKlGQqDTR2HQ9fx5CN/Gk6Vh/kupBTDLU11/nDk/g==",
      "license": "MIT",
      "peer": true,
      "dependencies": {
        "scheduler": "^0.26.0"
      },
      "peerDependencies": {
        "react": "^19.1.0"
      }
    },
    "node_modules/scheduler": {
      "version": "0.26.0",
      "resolved": "https://registry.npmjs.org/scheduler/-/scheduler-0.26.0.tgz",
      "integrity": "sha512-NlHwttCI/l5gCPR3D1nNXtWABUmBwvZpEQiD4IXSbIDq8BzLIK/7Ir5gTFSGZDUu37K5cMNp0hFtzO38sC7gWA==",
      "license": "MIT",
      "peer": true
    }
  }
}
